
Microsoft Visual Studio Solution File, Format Version 12.00
# Visual Studio Version 17
VisualStudioVersion = 17.8.34330.188
MinimumVisualStudioVersion = 10.0.40219.1
Project("{FAE04EC0-301F-11D3-BF4B-00C04F79EFBC}") = "Fuen31HotelAPI", "Fuen31HotelAPI\Fuen31HotelAPI.csproj", "{C5CDC7F7-C26B-4F7B-9E7A-DB41C09E7753}"
EndProject
Global
	GlobalSection(SolutionConfigurationPlatforms) = preSolution
		Debug|Any CPU = Debug|Any CPU
		Release|Any CPU = Release|Any CPU
	EndGlobalSection
	GlobalSection(ProjectConfigurationPlatforms) = postSolution
		{C5CDC7F7-C26B-4F7B-9E7A-DB41C09E7753}.Debug|Any CPU.ActiveCfg = Debug|Any CPU
		{C5CDC7F7-C26B-4F7B-9E7A-DB41C09E7753}.Debug|Any CPU.Build.0 = Debug|Any CPU
		{C5CDC7F7-C26B-4F7B-9E7A-DB41C09E7753}.Release|Any CPU.ActiveCfg = Release|Any CPU
		{C5CDC7F7-C26B-4F7B-9E7A-DB41C09E7753}.Release|Any CPU.Build.0 = Release|Any CPU
	EndGlobalSection
	GlobalSection(SolutionProperties) = preSolution
		HideSolutionNode = FALSE
	EndGlobalSection
	GlobalSection(ExtensibilityGlobals) = postSolution
		SolutionGuid = {099419E5-D68E-4755-BEF8-46E67259E844}
	EndGlobalSection
EndGlobal
